
Microsoft Visual Studio Solution File, Format Version 12.00
# Visual Studio 15
VisualStudioVersion = 15.0.26430.6
MinimumVisualStudioVersion = 10.0.40219.1
Project("{FAE04EC0-301F-11D3-BF4B-00C04F79EFBC}") = "ShoppingList.Web", "ShoppingList\ShoppingList.Web.csproj", "{1B3E8EA9-EE32-410E-9E68-24C698B55CD8}"
EndProject
Project("{FAE04EC0-301F-11D3-BF4B-00C04F79EFBC}") = "ShoppingList.Services", "ShoppingList.Services\ShoppingList.Services.csproj", "{5DBF3A2F-469D-43D6-84D4-37657408510B}"
EndProject
Project("{FAE04EC0-301F-11D3-BF4B-00C04F79EFBC}") = "ShoppingList.Data", "ShoppingList.Data\ShoppingList.Data.csproj", "{806FEB3A-AD8E-417A-ABE5-F89F16606627}"
EndProject
Project("{FAE04EC0-301F-11D3-BF4B-00C04F79EFBC}") = "ShoppingList.Models", "ShoppingList.Models\ShoppingList.Models.csproj", "{09C05BBD-CAC2-4A5E-8F73-F101880A00F1}"
EndProject
Global
	GlobalSection(SolutionConfigurationPlatforms) = preSolution
		Debug|Any CPU = Debug|Any CPU
		Release|Any CPU = Release|Any CPU
	EndGlobalSection
	GlobalSection(ProjectConfigurationPlatforms) = postSolution
		{1B3E8EA9-EE32-410E-9E68-24C698B55CD8}.Debug|Any CPU.ActiveCfg = Debug|Any CPU
		{1B3E8EA9-EE32-410E-9E68-24C698B55CD8}.Debug|Any CPU.Build.0 = Debug|Any CPU
		{1B3E8EA9-EE32-410E-9E68-24C698B55CD8}.Release|Any CPU.ActiveCfg = Release|Any CPU
		{1B3E8EA9-EE32-410E-9E68-24C698B55CD8}.Release|Any CPU.Build.0 = Release|Any CPU
		{5DBF3A2F-469D-43D6-84D4-37657408510B}.Debug|Any CPU.ActiveCfg = Debug|Any CPU
		{5DBF3A2F-469D-43D6-84D4-37657408510B}.Debug|Any CPU.Build.0 = Debug|Any CPU
		{5DBF3A2F-469D-43D6-84D4-37657408510B}.Release|Any CPU.ActiveCfg = Release|Any CPU
		{5DBF3A2F-469D-43D6-84D4-37657408510B}.Release|Any CPU.Build.0 = Release|Any CPU
		{806FEB3A-AD8E-417A-ABE5-F89F16606627}.Debug|Any CPU.ActiveCfg = Debug|Any CPU
		{806FEB3A-AD8E-417A-ABE5-F89F16606627}.Debug|Any CPU.Build.0 = Debug|Any CPU
		{806FEB3A-AD8E-417A-ABE5-F89F16606627}.Release|Any CPU.ActiveCfg = Release|Any CPU
		{806FEB3A-AD8E-417A-ABE5-F89F16606627}.Release|Any CPU.Build.0 = Release|Any CPU
		{09C05BBD-CAC2-4A5E-8F73-F101880A00F1}.Debug|Any CPU.ActiveCfg = Debug|Any CPU
		{09C05BBD-CAC2-4A5E-8F73-F101880A00F1}.Debug|Any CPU.Build.0 = Debug|Any CPU
		{09C05BBD-CAC2-4A5E-8F73-F101880A00F1}.Release|Any CPU.ActiveCfg = Release|Any CPU
		{09C05BBD-CAC2-4A5E-8F73-F101880A00F1}.Release|Any CPU.Build.0 = Release|Any CPU
	EndGlobalSection
	GlobalSection(SolutionProperties) = preSolution
		HideSolutionNode = FALSE
	EndGlobalSection
EndGlobal
